
Microsoft Visual Studio Solution File, Format Version 12.00
# Visual Studio Version 16
VisualStudioVersion = 16.0.32407.337
MinimumVisualStudioVersion = 10.0.40219.1
Project("{FAE04EC0-301F-11D3-BF4B-00C04F79EFBC}") = "Extension", "Extension\Extension.csproj", "{B1516FAD-D5EB-40BE-87B5-BD69C408B020}"
EndProject
Global
	GlobalSection(SolutionConfigurationPlatforms) = preSolution
		Debug|Any CPU = Debug|Any CPU
		Release|Any CPU = Release|Any CPU
	EndGlobalSection
	GlobalSection(ProjectConfigurationPlatforms) = postSolution
		{B1516FAD-D5EB-40BE-87B5-BD69C408B020}.Debug|Any CPU.ActiveCfg = Debug|Any CPU
		{B1516FAD-D5EB-40BE-87B5-BD69C408B020}.Debug|Any CPU.Build.0 = Debug|Any CPU
		{B1516FAD-D5EB-40BE-87B5-BD69C408B020}.Release|Any CPU.ActiveCfg = Release|Any CPU
		{B1516FAD-D5EB-40BE-87B5-BD69C408B020}.Release|Any CPU.Build.0 = Release|Any CPU
	EndGlobalSection
	GlobalSection(SolutionProperties) = preSolution
		HideSolutionNode = FALSE
	EndGlobalSection
	GlobalSection(ExtensibilityGlobals) = postSolution
		SolutionGuid = {46605339-ED7D-4053-84AA-CC1F30291810}
	EndGlobalSection
EndGlobal
